lockfileVersion: 5.4

specifiers:
  '@assemblyscript/loader': ^0.21.1
  assemblyscript: ^0.21.1

dependencies:
  '@assemblyscript/loader': 0.21.1

devDependencies:
  assemblyscript: 0.21.1

packages:

  /@assemblyscript/loader/0.21.1:
    resolution: {integrity: sha512-2RXPpTtdUFlCpgNjIJveZ0fXBOCVhPTq6AyqiJjgVo2E1Mly2MNSeXXrnfyP9BAez2AkGEVQEbn8vitHlUSlYg==}
    dev: false

  /assemblyscript/0.21.1:
    resolution: {integrity: sha512-sBQMHVLRZ6M4qWWef+1ULXg8vYFwoPzNNAJlfCJSKzxJOoLf12Z42dFLPLQzIithuSLYgErUz+uoqaLM35Ne2g==}
    engines: {node: '>=16.0.0', npm: '>=7.0.0'}
    hasBin: true
    dependencies:
      binaryen: 109.0.0-nightly.20220813
      long: 5.2.0
    dev: true

  /binaryen/109.0.0-nightly.20220813:
    resolution: {integrity: sha512-u85Ti3LiGRrV0HqdNDRknalkx7QiCSL0jNsEsT522nnZacWxUaSJEILphxc2OnzmHVtdiWBE3c4lEzlU3ZEyDw==}
    hasBin: true
    dev: true

  /long/5.2.0:
    resolution: {integrity: sha512-9RTUNjK60eJbx3uz+TEGF7fUr29ZDxR5QzXcyDpeSfeH28S9ycINflOgOlppit5U+4kNTe83KQnMEerw7GmE8w==}
    dev: true
